<Solution>
  <Folder Name="/src/">
    <Project Path="src/Odin.AppHost/Odin.AppHost.csproj" />
    <Project Path="src/Odin.ServiceDefaults/Odin.ServiceDefaults.csproj" />
  </Folder>
  <Folder Name="/src/Api/">
    <Project Path="src/Api/Odin.Api/Odin.Api.csproj" />
  </Folder>
  <Folder Name="/tests/">
    <Project Path="tests/Odin.Api.IntegrationTests/Odin.Api.IntegrationTests.csproj" />
    <Project Path="tests/Odin.Api.Tests/Odin.Api.Tests.csproj" />
  </Folder>
</Solution>
